// !$*UTF8*$!
{
	archiveVersion = 1;
	classes = {
	};
	objectVersion = 46;
	objects = {

/* Begin PBXBuildFile section */
		B6CECF581D9E2C0900DE5CD5 /* AppDelegate.swift in Sources */ = {isa = PBXBuildFile; fileRef = B6CECF571D9E2C0900DE5CD5 /* AppDelegate.swift */; };
		B6CECF5A1D9E2C0900DE5CD5 /* ViewController.swift in Sources */ = {isa = PBXBuildFile; fileRef = B6CECF591D9E2C0900DE5CD5 /* ViewController.swift */; };
		B6CECF5D1D9E2C0900DE5CD5 /* Main.storyboard in Resources */ = {isa = PBXBuildFile; fileRef = B6CECF5B1D9E2C0900DE5CD5 /* Main.storyboard */; };
		B6CECF5F1D9E2C0900DE5CD5 /* Assets.xcassets in Resources */ = {isa = PBXBuildFile; fileRef = B6CECF5E1D9E2C0900DE5CD5 /* Assets.xcassets */; };
		B6CECF621D9E2C0900DE5CD5 /* LaunchScreen.storyboard in Resources */ = {isa = PBXBuildFile; fileRef = B6CECF601D9E2C0900DE5CD5 /* LaunchScreen.storyboard */; };
		B6CECF6D1D9E2C0900DE5CD5 /* _4_______Tests.swift in Sources */ = {isa = PBXBuildFile; fileRef = B6CECF6C1D9E2C0900DE5CD5 /* _4_______Tests.swift */; };
		B6CECF781D9E2C0900DE5CD5 /* _4_______UITests.swift in Sources */ = {isa = PBXBuildFile; fileRef = B6CECF771D9E2C0900DE5CD5 /* _4_______UITests.swift */; };
/* End PBXBuildFile section */

/* Begin PBXContainerItemProxy section */
		B6CECF691D9E2C0900DE5CD5 /* PBXContainerItemProxy */ = {
			isa = PBXContainerItemProxy;
			containerPortal = B6CECF4C1D9E2C0900DE5CD5 /* Project object */;
			proxyType = 1;
			remoteGlobalIDString = B6CECF531D9E2C0900DE5CD5;
			remoteInfo = "14-闭包循环引用";
		};
		B6CECF741D9E2C0900DE5CD5 /* PBXContainerItemProxy */ = {
			isa = PBXContainerItemProxy;
			containerPortal = B6CECF4C1D9E2C0900DE5CD5 /* Project object */;
			proxyType = 1;
			remoteGlobalIDString = B6CECF531D9E2C0900DE5CD5;
			remoteInfo = "14-闭包循环引用";
		};
/* End PBXContainerItemProxy section */

/* Begin PBXFileReference section */
		B6CECF541D9E2C0900DE5CD5 /* 14-闭包循环引用.app */ = {isa = PBXFileReference; explicitFileType = wrapper.application; includeInIndex = 0; path = "14-闭包循环引用.app"; sourceTree = BUILT_PRODUCTS_DIR; };
		B6CECF571D9E2C0900DE5CD5 /* AppDelegate.swift */ = {isa = PBXFileReference; lastKnownFileType = sourcecode.swift; path = AppDelegate.swift; sourceTree = "<group>"; };
		B6CECF591D9E2C0900DE5CD5 /* ViewController.swift */ = {isa = PBXFileReference; lastKnownFileType = sourcecode.swift; path = ViewController.swift; sourceTree = "<group>"; };
		B6CECF5C1D9E2C0900DE5CD5 /* Base */ = {isa = PBXFileReference; lastKnownFileType = file.storyboard; name = Base; path = Base.lproj/Main.storyboard; sourceTree = "<group>"; };
		B6CECF5E1D9E2C0900DE5CD5 /* Assets.xcassets */ = {isa = PBXFileReference; lastKnownFileType = folder.assetcatalog; path = Assets.xcassets; sourceTree = "<group>"; };
		B6CECF611D9E2C0900DE5CD5 /* Base */ = {isa = PBXFileReference; lastKnownFileType = file.storyboard; name = Base; path = Base.lproj/LaunchScreen.storyboard; sourceTree = "<group>"; };
		B6CECF631D9E2C0900DE5CD5 /* Info.plist */ = {isa = PBXFileReference; lastKnownFileType = text.plist.xml; path = Info.plist; sourceTree = "<group>"; };
		B6CECF681D9E2C0900DE5CD5 /* 14-闭包循环引用Tests.xctest */ = {isa = PBXFileReference; explicitFileType = wrapper.cfbundle; includeInIndex = 0; path = "14-闭包循环引用Tests.xctest"; sourceTree = BUILT_PRODUCTS_DIR; };
		B6CECF6C1D9E2C0900DE5CD5 /* _4_______Tests.swift */ = {isa = PBXFileReference; lastKnownFileType = sourcecode.swift; path = "_4_______Tests.swift"; sourceTree = "<group>"; };
		B6CECF6E1D9E2C0900DE5CD5 /* Info.plist */ = {isa = PBXFileReference; lastKnownFileType = text.plist.xml; path = Info.plist; sourceTree = "<group>"; };
		B6CECF731D9E2C0900DE5CD5 /* 14-闭包循环引用UITests.xctest */ = {isa = PBXFileReference; explicitFileType = wrapper.cfbundle; includeInIndex = 0; path = "14-闭包循环引用UITests.xctest"; sourceTree = BUILT_PRODUCTS_DIR; };
		B6CECF771D9E2C0900DE5CD5 /* _4_______UITests.swift */ = {isa = PBXFileReference; lastKnownFileType = sourcecode.swift; path = "_4_______UITests.swift"; sourceTree = "<group>"; };
		B6CECF791D9E2C0900DE5CD5 /* Info.plist */ = {isa = PBXFileReference; lastKnownFileType = text.plist.xml; path = Info.plist; sourceTree = "<group>"; };
/* End PBXFileReference section */

/* Begin PBXFrameworksBuildPhase section */
		B6CECF511D9E2C0900DE5CD5 /* Frameworks */ = {
			isa = PBXFrameworksBuildPhase;
			buildActionMask = 2147483647;
			files = (
			);
			runOnlyForDeploymentPostprocessing = 0;
		};
		B6CECF651D9E2C0900DE5CD5 /* Frameworks */ = {
			isa = PBXFrameworksBuildPhase;
			buildActionMask = 2147483647;
			files = (
			);
			runOnlyForDeploymentPostprocessing = 0;
		};
		B6CECF701D9E2C0900DE5CD5 /* Frameworks */ = {
			isa = PBXFrameworksBuildPhase;
			buildActionMask = 2147483647;
			files = (
			);
			runOnlyForDeploymentPostprocessing = 0;
		};
/* End PBXFrameworksBuildPhase section */

/* Begin PBXGroup section */
		B6CECF4B1D9E2C0900DE5CD5 = {
			isa = PBXGroup;
			children = (
				B6CECF561D9E2C0900DE5CD5 /* 14-闭包循环引用 */,
				B6CECF6B1D9E2C0900DE5CD5 /* 14-闭包循环引用Tests */,
				B6CECF761D9E2C0900DE5CD5 /* 14-闭包循环引用UITests */,
				B6CECF551D9E2C0900DE5CD5 /* Products */,
			);
			sourceTree = "<group>";
		};
		B6CECF551D9E2C0900DE5CD5 /* Products */ = {
			isa = PBXGroup;
			children = (
				B6CECF541D9E2C0900DE5CD5 /* 14-闭包循环引用.app */,
				B6CECF681D9E2C0900DE5CD5 /* 14-闭包循环引用Tests.xctest */,
				B6CECF731D9E2C0900DE5CD5 /* 14-闭包循环引用UITests.xctest */,
			);
			name = Products;
			sourceTree = "<group>";
		};
		B6CECF561D9E2C0900DE5CD5 /* 14-闭包循环引用 */ = {
			isa = PBXGroup;
			children = (
				B6CECF571D9E2C0900DE5CD5 /* AppDelegate.swift */,
				B6CECF591D9E2C0900DE5CD5 /* ViewController.swift */,
				B6CECF5B1D9E2C0900DE5CD5 /* Main.storyboard */,
				B6CECF5E1D9E2C0900DE5CD5 /* Assets.xcassets */,
				B6CECF601D9E2C0900DE5CD5 /* LaunchScreen.storyboard */,
				B6CECF631D9E2C0900DE5CD5 /* Info.plist */,
			);
			path = "14-闭包循环引用";
			sourceTree = "<group>";
		};
		B6CECF6B1D9E2C0900DE5CD5 /* 14-闭包循环引用Tests */ = {
			isa = PBXGroup;
			children = (
				B6CECF6C1D9E2C0900DE5CD5 /* _4_______Tests.swift */,
				B6CECF6E1D9E2C0900DE5CD5 /* Info.plist */,
			);
			path = "14-闭包循环引用Tests";
			sourceTree = "<group>";
		};
		B6CECF761D9E2C0900DE5CD5 /* 14-闭包循环引用UITests */ = {
			isa = PBXGroup;
			children = (
				B6CECF771D9E2C0900DE5CD5 /* _4_______UITests.swift */,
				B6CECF791D9E2C0900DE5CD5 /* Info.plist */,
			);
			path = "14-闭包循环引用UITests";
			sourceTree = "<group>";
		};
/* End PBXGroup section */

/* Begin PBXNativeTarget section */
		B6CECF531D9E2C0900DE5CD5 /* 14-闭包循环引用 */ = {
			isa = PBXNativeTarget;
			buildConfigurationList = B6CECF7C1D9E2C0900DE5CD5 /* Build configuration list for PBXNativeTarget "14-闭包循环引用" */;
			buildPhases = (
				B6CECF501D9E2C0900DE5CD5 /* Sources */,
				B6CECF511D9E2C0900DE5CD5 /* Frameworks */,
				B6CECF521D9E2C0900DE5CD5 /* Resources */,
			);
			buildRules = (
			);
			dependencies = (
			);
			name = "14-闭包循环引用";
			productName = "14-闭包循环引用";
			productReference = B6CECF541D9E2C0900DE5CD5 /* 14-闭包循环引用.app */;
			productType = "com.apple.product-type.application";
		};
		B6CECF671D9E2C0900DE5CD5 /* 14-闭包循环引用Tests */ = {
			isa = PBXNativeTarget;
			buildConfigurationList = B6CECF7F1D9E2C0900DE5CD5 /* Build configuration list for PBXNativeTarget "14-闭包循环引用Tests" */;
			buildPhases = (
				B6CECF641D9E2C0900DE5CD5 /* Sources */,
				B6CECF651D9E2C0900DE5CD5 /* Frameworks */,
				B6CECF661D9E2C0900DE5CD5 /* Resources */,
			);
			buildRules = (
			);
			dependencies = (
				B6CECF6A1D9E2C0900DE5CD5 /* PBXTargetDependency */,
			);
			name = "14-闭包循环引用Tests";
			productName = "14-闭包循环引用Tests";
			productReference = B6CECF681D9E2C0900DE5CD5 /* 14-闭包循环引用Tests.xctest */;
			productType = "com.apple.product-type.bundle.unit-test";
		};
		B6CECF721D9E2C0900DE5CD5 /* 14-闭包循环引用UITests */ = {
			isa = PBXNativeTarget;
			buildConfigurationList = B6CECF821D9E2C0900DE5CD5 /* Build configuration list for PBXNativeTarget "14-闭包循环引用UITests" */;
			buildPhases = (
				B6CECF6F1D9E2C0900DE5CD5 /* Sources */,
				B6CECF701D9E2C0900DE5CD5 /* Frameworks */,
				B6CECF711D9E2C0900DE5CD5 /* Resources */,
			);
			buildRules = (
			);
			dependencies = (
				B6CECF751D9E2C0900DE5CD5 /* PBXTargetDependency */,
			);
			name = "14-闭包循环引用UITests";
			productName = "14-闭包循环引用UITests";
			productReference = B6CECF731D9E2C0900DE5CD5 /* 14-闭包循环引用UITests.xctest */;
			productType = "com.apple.product-type.bundle.ui-testing";
		};
/* End PBXNativeTarget section */

/* Begin PBXProject section */
		B6CECF4C1D9E2C0900DE5CD5 /* Project object */ = {
			isa = PBXProject;
			attributes = {
				LastSwiftUpdateCheck = 0800;
				LastUpgradeCheck = 0800;
				ORGANIZATIONNAME = "Wei Zhou";
				TargetAttributes = {
					B6CECF531D9E2C0900DE5CD5 = {
						CreatedOnToolsVersion = 8.0;
						DevelopmentTeam = K9G8A2A8Q6;
						ProvisioningStyle = Automatic;
					};
					B6CECF671D9E2C0900DE5CD5 = {
						CreatedOnToolsVersion = 8.0;
						DevelopmentTeam = K9G8A2A8Q6;
						ProvisioningStyle = Automatic;
						TestTargetID = B6CECF531D9E2C0900DE5CD5;
					};
					B6CECF721D9E2C0900DE5CD5 = {
						CreatedOnToolsVersion = 8.0;
						DevelopmentTeam = K9G8A2A8Q6;
						ProvisioningStyle = Automatic;
						TestTargetID = B6CECF531D9E2C0900DE5CD5;
					};
				};
			};
			buildConfigurationList = B6CECF4F1D9E2C0900DE5CD5 /* Build configuration list for PBXProject "14-闭包循环引用" */;
			compatibilityVersion = "Xcode 3.2";
			developmentRegion = English;
			hasScannedForEncodings = 0;
			knownRegions = (
				en,
				Base,
			);
			mainGroup = B6CECF4B1D9E2C0900DE5CD5;
			productRefGroup = B6CECF551D9E2C0900DE5CD5 /* Products */;
			projectDirPath = "";
			projectRoot = "";
			targets = (
				B6CECF531D9E2C0900DE5CD5 /* 14-闭包循环引用 */,
				B6CECF671D9E2C0900DE5CD5 /* 14-闭包循环引用Tests */,
				B6CECF721D9E2C0900DE5CD5 /* 14-闭包循环引用UITests */,
			);
		};
/* End PBXProject section */

/* Begin PBXResourcesBuildPhase section */
		B6CECF521D9E2C0900DE5CD5 /* Resources */ = {
			isa = PBXResourcesBuildPhase;
			buildActionMask = 2147483647;
			files = (
				B6CECF621D9E2C0900DE5CD5 /* LaunchScreen.storyboard in Resources */,
				B6CECF5F1D9E2C0900DE5CD5 /* Assets.xcassets in Resources */,
				B6CECF5D1D9E2C0900DE5CD5 /* Main.storyboard in Resources */,
			);
			runOnlyForDeploymentPostprocessing = 0;
		};
		B6CECF661D9E2C0900DE5CD5 /* Resources */ = {
			isa = PBXResourcesBuildPhase;
			buildActionMask = 2147483647;
			files = (
			);
			runOnlyForDeploymentPostprocessing = 0;
		};
		B6CECF711D9E2C0900DE5CD5 /* Resources */ = {
			isa = PBXResourcesBuildPhase;
			buildActionMask = 2147483647;
			files = (
			);
			runOnlyForDeploymentPostprocessing = 0;
		};
/* End PBXResourcesBuildPhase section */

/* Begin PBXSourcesBuildPhase section */
		B6CECF501D9E2C0900DE5CD5 /* Sources */ = {
			isa = PBXSourcesBuildPhase;
			buildActionMask = 2147483647;
			files = (
				B6CECF5A1D9E2C0900DE5CD5 /* ViewController.swift in Sources */,
				B6CECF581D9E2C0900DE5CD5 /* AppDelegate.swift in Sources */,
			);
			runOnlyForDeploymentPostprocessing = 0;
		};
		B6CECF641D9E2C0900DE5CD5 /* Sources */ = {
			isa = PBXSourcesBuildPhase;
			buildActionMask = 2147483647;
			files = (
				B6CECF6D1D9E2C0900DE5CD5 /* _4_______Tests.swift in Sources */,
			);
			runOnlyForDeploymentPostprocessing = 0;
		};
		B6CECF6F1D9E2C0900DE5CD5 /* Sources */ = {
			isa = PBXSourcesBuildPhase;
			buildActionMask = 2147483647;
			files = (
				B6CECF781D9E2C0900DE5CD5 /* _4_______UITests.swift in Sources */,
			);
			runOnlyForDeploymentPostprocessing = 0;
		};
/* End PBXSourcesBuildPhase section */

/* Begin PBXTargetDependency section */
		B6CECF6A1D9E2C0900DE5CD5 /* PBXTargetDependency */ = {
			isa = PBXTargetDependency;
			target = B6CECF531D9E2C0900DE5CD5 /* 14-闭包循环引用 */;
			targetProxy = B6CECF691D9E2C0900DE5CD5 /* PBXContainerItemProxy */;
		};
		B6CECF751D9E2C0900DE5CD5 /* PBXTargetDependency */ = {
			isa = PBXTargetDependency;
			target = B6CECF531D9E2C0900DE5CD5 /* 14-闭包循环引用 */;
			targetProxy = B6CECF741D9E2C0900DE5CD5 /* PBXContainerItemProxy */;
		};
/* End PBXTargetDependency section */

/* Begin PBXVariantGroup section */
		B6CECF5B1D9E2C0900DE5CD5 /* Main.storyboard */ = {
			isa = PBXVariantGroup;
			children = (
				B6CECF5C1D9E2C0900DE5CD5 /* Base */,
			);
			name = Main.storyboard;
			sourceTree = "<group>";
		};
		B6CECF601D9E2C0900DE5CD5 /* LaunchScreen.storyboard */ = {
			isa = PBXVariantGroup;
			children = (
				B6CECF611D9E2C0900DE5CD5 /* Base */,
			);
			name = LaunchScreen.storyboard;
			sourceTree = "<group>";
		};
/* End PBXVariantGroup section */

/* Begin XCBuildConfiguration section */
		B6CECF7A1D9E2C0900DE5CD5 /* Debug */ = {
			isa = XCBuildConfiguration;
			buildSettings = {
				ALWAYS_SEARCH_USER_PATHS = NO;
				CLANG_ANALYZER_NONNULL = YES;
				CLANG_CXX_LANGUAGE_STANDARD = "gnu++0x";
				CLANG_CXX_LIBRARY = "libc++";
				CLANG_ENABLE_MODULES = YES;
				CLANG_ENABLE_OBJC_ARC = YES;
				CLANG_WARN_BOOL_CONVERSION = YES;
				CLANG_WARN_CONSTANT_CONVERSION = YES;
				CLANG_WARN_DIRECT_OBJC_ISA_USAGE = YES_ERROR;
				CLANG_WARN_DOCUMENTATION_COMMENTS = YES;
				CLANG_WARN_EMPTY_BODY = YES;
				CLANG_WARN_ENUM_CONVERSION = YES;
				CLANG_WARN_INFINITE_RECURSION = YES;
				CLANG_WARN_INT_CONVERSION = YES;
				CLANG_WARN_OBJC_ROOT_CLASS = YES_ERROR;
				CLANG_WARN_SUSPICIOUS_MOVES = YES;
				CLANG_WARN_UNREACHABLE_CODE = YES;
				CLANG_WARN__DUPLICATE_METHOD_MATCH = YES;
				"CODE_SIGN_IDENTITY[sdk=iphoneos*]" = "iPhone Developer";
				COPY_PHASE_STRIP = NO;
				DEBUG_INFORMATION_FORMAT = dwarf;
				ENABLE_STRICT_OBJC_MSGSEND = YES;
				ENABLE_TESTABILITY = YES;
				GCC_C_LANGUAGE_STANDARD = gnu99;
				GCC_DYNAMIC_NO_PIC = NO;
				GCC_NO_COMMON_BLOCKS = YES;
				GCC_OPTIMIZATION_LEVEL = 0;
				GCC_PREPROCESSOR_DEFINITIONS = (
					"DEBUG=1",
					"$(inherited)",
				);
				GCC_WARN_64_TO_32_BIT_CONVERSION = YES;
				GCC_WARN_ABOUT_RETURN_TYPE = YES_ERROR;
				GCC_WARN_UNDECLARED_SELECTOR = YES;
				GCC_WARN_UNINITIALIZED_AUTOS = YES_AGGRESSIVE;
				GCC_WARN_UNUSED_FUNCTION = YES;
				GCC_WARN_UNUSED_VARIABLE = YES;
				IPHONEOS_DEPLOYMENT_TARGET = 10.0;
				MTL_ENABLE_DEBUG_INFO = YES;
				ONLY_ACTIVE_ARCH = YES;
				SDKROOT = iphoneos;
				SWIFT_ACTIVE_COMPILATION_CONDITIONS = DEBUG;
				SWIFT_OPTIMIZATION_LEVEL = "-Onone";
			};
			name = Debug;
		};
		B6CECF7B1D9E2C0900DE5CD5 /* Release */ = {
			isa = XCBuildConfiguration;
			buildSettings = {
				ALWAYS_SEARCH_USER_PATHS = NO;
				CLANG_ANALYZER_NONNULL = YES;
				CLANG_CXX_LANGUAGE_STANDARD = "gnu++0x";
				CLANG_CXX_LIBRARY = "libc++";
				CLANG_ENABLE_MODULES = YES;
				CLANG_ENABLE_OBJC_ARC = YES;
				CLANG_WARN_BOOL_CONVERSION = YES;
				CLANG_WARN_CONSTANT_CONVERSION = YES;
				CLANG_WARN_DIRECT_OBJC_ISA_USAGE = YES_ERROR;
				CLANG_WARN_DOCUMENTATION_COMMENTS = YES;
				CLANG_WARN_EMPTY_BODY = YES;
				CLANG_WARN_ENUM_CONVERSION = YES;
				CLANG_WARN_INFINITE_RECURSION = YES;
				CLANG_WARN_INT_CONVERSION = YES;
				CLANG_WARN_OBJC_ROOT_CLASS = YES_ERROR;
				CLANG_WARN_SUSPICIOUS_MOVES = YES;
				CLANG_WARN_UNREACHABLE_CODE = YES;
				CLANG_WARN__DUPLICATE_METHOD_MATCH = YES;
				"CODE_SIGN_IDENTITY[sdk=iphoneos*]" = "iPhone Developer";
				COPY_PHASE_STRIP = NO;
				DEBUG_INFORMATION_FORMAT = "dwarf-with-dsym";
				ENABLE_NS_ASSERTIONS = NO;
				ENABLE_STRICT_OBJC_MSGSEND = YES;
				GCC_C_LANGUAGE_STANDARD = gnu99;
				GCC_NO_COMMON_BLOCKS = YES;
				GCC_WARN_64_TO_32_BIT_CONVERSION = YES;
				GCC_WARN_ABOUT_RETURN_TYPE = YES_ERROR;
				GCC_WARN_UNDECLARED_SELECTOR = YES;
				GCC_WARN_UNINITIALIZED_AUTOS = YES_AGGRESSIVE;
				GCC_WARN_UNUSED_FUNCTION = YES;
				GCC_WARN_UNUSED_VARIABLE = YES;
				IPHONEOS_DEPLOYMENT_TARGET = 10.0;
				MTL_ENABLE_DEBUG_INFO = NO;
				SDKROOT = iphoneos;
				SWIFT_OPTIMIZATION_LEVEL = "-Owholemodule";
				VALIDATE_PRODUCT = YES;
			};
			name = Release;
		};
		B6CECF7D1D9E2C0900DE5CD5 /* Debug */ = {
			isa = XCBuildConfiguration;
			buildSettings = {
				ASSETCATALOG_COMPILER_APPICON_NAME = AppIcon;
				DEVELOPMENT_TEAM = K9G8A2A8Q6;
				INFOPLIST_FILE = "14-闭包循环引用/Info.plist";
				LD_RUNPATH_SEARCH_PATHS = "$(inherited) @executable_path/Frameworks";
				PRODUCT_BUNDLE_IDENTIFIER = "Hello.-4-------";
				PRODUCT_NAME = "$(TARGET_NAME)";
				SWIFT_VERSION = 3.0;
			};
			name = Debug;
		};
		B6CECF7E1D9E2C0900DE5CD5 /* Release */ = {
			isa = XCBuildConfiguration;
			buildSettings = {
				ASSETCATALOG_COMPILER_APPICON_NAME = AppIcon;
				DEVELOPMENT_TEAM = K9G8A2A8Q6;
				INFOPLIST_FILE = "14-闭包循环引用/Info.plist";
				LD_RUNPATH_SEARCH_PATHS = "$(inherited) @executable_path/Frameworks";
				PRODUCT_BUNDLE_IDENTIFIER = "Hello.-4-------";
				PRODUCT_NAME = "$(TARGET_NAME)";
				SWIFT_VERSION = 3.0;
			};
			name = Release;
		};
		B6CECF801D9E2C0900DE5CD5 /* Debug */ = {
			isa = XCBuildConfiguration;
			buildSettings = {
				ALWAYS_EMBED_SWIFT_STANDARD_LIBRARIES = YES;
				BUNDLE_LOADER = "$(TEST_HOST)";
				DEVELOPMENT_TEAM = K9G8A2A8Q6;
				INFOPLIST_FILE = "14-闭包循环引用Tests/Info.plist";
				LD_RUNPATH_SEARCH_PATHS = "$(inherited) @executable_path/Frameworks @loader_path/Frameworks";
				PRODUCT_BUNDLE_IDENTIFIER = "Hello.-4-------Tests";
				PRODUCT_NAME = "$(TARGET_NAME)";
				SWIFT_VERSION = 3.0;
				TEST_HOST = "$(BUILT_PRODUCTS_DIR)/14-闭包循环引用.app/14-闭包循环引用";
			};
			name = Debug;
		};
		B6CECF811D9E2C0900DE5CD5 /* Release */ = {
			isa = XCBuildConfiguration;
			buildSettings = {
				ALWAYS_EMBED_SWIFT_STANDARD_LIBRARIES = YES;
				BUNDLE_LOADER = "$(TEST_HOST)";
				DEVELOPMENT_TEAM = K9G8A2A8Q6;
				INFOPLIST_FILE = "14-闭包循环引用Tests/Info.plist";
				LD_RUNPATH_SEARCH_PATHS = "$(inherited) @executable_path/Frameworks @loader_path/Frameworks";
				PRODUCT_BUNDLE_IDENTIFIER = "Hello.-4-------Tests";
				PRODUCT_NAME = "$(TARGET_NAME)";
				SWIFT_VERSION = 3.0;
				TEST_HOST = "$(BUILT_PRODUCTS_DIR)/14-闭包循环引用.app/14-闭包循环引用";
			};
			name = Release;
		};
		B6CECF831D9E2C0900DE5CD5 /* Debug */ = {
			isa = XCBuildConfiguration;
			buildSettings = {
				ALWAYS_EMBED_SWIFT_STANDARD_LIBRARIES = YES;
				DEVELOPMENT_TEAM = K9G8A2A8Q6;
				INFOPLIST_FILE = "14-闭包循环引用UITests/Info.plist";
				LD_RUNPATH_SEARCH_PATHS = "$(inherited) @executable_path/Frameworks @loader_path/Frameworks";
				PRODUCT_BUNDLE_IDENTIFIER = "Hello.-4-------UITests";
				PRODUCT_NAME = "$(TARGET_NAME)";
				SWIFT_VERSION = 3.0;
				TEST_TARGET_NAME = "14-闭包循环引用";
			};
			name = Debug;
		};
		B6CECF841D9E2C0900DE5CD5 /* Release */ = {
			isa = XCBuildConfiguration;
			buildSettings = {
				ALWAYS_EMBED_SWIFT_STANDARD_LIBRARIES = YES;
				DEVELOPMENT_TEAM = K9G8A2A8Q6;
				INFOPLIST_FILE = "14-闭包循环引用UITests/Info.plist";
				LD_RUNPATH_SEARCH_PATHS = "$(inherited) @executable_path/Frameworks @loader_path/Frameworks";
				PRODUCT_BUNDLE_IDENTIFIER = "Hello.-4-------UITests";
				PRODUCT_NAME = "$(TARGET_NAME)";
				SWIFT_VERSION = 3.0;
				TEST_TARGET_NAME = "14-闭包循环引用";
			};
			name = Release;
		};
/* End XCBuildConfiguration section */

/* Begin XCConfigurationList section */
		B6CECF4F1D9E2C0900DE5CD5 /* Build configuration list for PBXProject "14-闭包循环引用" */ = {
			isa = XCConfigurationList;
			buildConfigurations = (
				B6CECF7A1D9E2C0900DE5CD5 /* Debug */,
				B6CECF7B1D9E2C0900DE5CD5 /* Release */,
			);
			defaultConfigurationIsVisible = 0;
			defaultConfigurationName = Release;
		};
		B6CECF7C1D9E2C0900DE5CD5 /* Build configuration list for PBXNativeTarget "14-闭包循环引用" */ = {
			isa = XCConfigurationList;
			buildConfigurations = (
				B6CECF7D1D9E2C0900DE5CD5 /* Debug */,
				B6CECF7E1D9E2C0900DE5CD5 /* Release */,
			);
			defaultConfigurationIsVisible = 0;
		};
		B6CECF7F1D9E2C0900DE5CD5 /* Build configuration list for PBXNativeTarget "14-闭包循环引用Tests" */ = {
			isa = XCConfigurationList;
			buildConfigurations = (
				B6CECF801D9E2C0900DE5CD5 /* Debug */,
				B6CECF811D9E2C0900DE5CD5 /* Release */,
			);
			defaultConfigurationIsVisible = 0;
		};
		B6CECF821D9E2C0900DE5CD5 /* Build configuration list for PBXNativeTarget "14-闭包循环引用UITests" */ = {
			isa = XCConfigurationList;
			buildConfigurations = (
				B6CECF831D9E2C0900DE5CD5 /* Debug */,
				B6CECF841D9E2C0900DE5CD5 /* Release */,
			);
			defaultConfigurationIsVisible = 0;
		};
/* End XCConfigurationList section */
	};
	rootObject = B6CECF4C1D9E2C0900DE5CD5 /* Project object */;
}
