// !$*UTF8*$!
{
	archiveVersion = 1;
	classes = {
	};
	objectVersion = 46;
	objects = {

/* Begin PBXBuildFile section */
		B602F8081D9D5F0600B75320 /* AppDelegate.swift in Sources */ = {isa = PBXBuildFile; fileRef = B602F8071D9D5F0600B75320 /* AppDelegate.swift */; };
		B602F80A1D9D5F0600B75320 /* ViewController.swift in Sources */ = {isa = PBXBuildFile; fileRef = B602F8091D9D5F0600B75320 /* ViewController.swift */; };
		B602F80D1D9D5F0600B75320 /* Main.storyboard in Resources */ = {isa = PBXBuildFile; fileRef = B602F80B1D9D5F0600B75320 /* Main.storyboard */; };
		B602F80F1D9D5F0600B75320 /* Assets.xcassets in Resources */ = {isa = PBXBuildFile; fileRef = B602F80E1D9D5F0600B75320 /* Assets.xcassets */; };
		B602F8121D9D5F0600B75320 /* LaunchScreen.storyboard in Resources */ = {isa = PBXBuildFile; fileRef = B602F8101D9D5F0600B75320 /* LaunchScreen.storyboard */; };
		B602F81D1D9D5F0700B75320 /* _3__________Tests.swift in Sources */ = {isa = PBXBuildFile; fileRef = B602F81C1D9D5F0700B75320 /* _3__________Tests.swift */; };
		B602F8281D9D5F0700B75320 /* _3__________UITests.swift in Sources */ = {isa = PBXBuildFile; fileRef = B602F8271D9D5F0700B75320 /* _3__________UITests.swift */; };
/* End PBXBuildFile section */

/* Begin PBXContainerItemProxy section */
		B602F8191D9D5F0700B75320 /* PBXContainerItemProxy */ = {
			isa = PBXContainerItemProxy;
			containerPortal = B602F7FC1D9D5F0600B75320 /* Project object */;
			proxyType = 1;
			remoteGlobalIDString = B602F8031D9D5F0600B75320;
			remoteInfo = "13-闭包的参数和返回值";
		};
		B602F8241D9D5F0700B75320 /* PBXContainerItemProxy */ = {
			isa = PBXContainerItemProxy;
			containerPortal = B602F7FC1D9D5F0600B75320 /* Project object */;
			proxyType = 1;
			remoteGlobalIDString = B602F8031D9D5F0600B75320;
			remoteInfo = "13-闭包的参数和返回值";
		};
/* End PBXContainerItemProxy section */

/* Begin PBXFileReference section */
		B602F8041D9D5F0600B75320 /* 13-闭包的参数和返回值.app */ = {isa = PBXFileReference; explicitFileType = wrapper.application; includeInIndex = 0; path = "13-闭包的参数和返回值.app"; sourceTree = BUILT_PRODUCTS_DIR; };
		B602F8071D9D5F0600B75320 /* AppDelegate.swift */ = {isa = PBXFileReference; lastKnownFileType = sourcecode.swift; path = AppDelegate.swift; sourceTree = "<group>"; };
		B602F8091D9D5F0600B75320 /* ViewController.swift */ = {isa = PBXFileReference; lastKnownFileType = sourcecode.swift; path = ViewController.swift; sourceTree = "<group>"; };
		B602F80C1D9D5F0600B75320 /* Base */ = {isa = PBXFileReference; lastKnownFileType = file.storyboard; name = Base; path = Base.lproj/Main.storyboard; sourceTree = "<group>"; };
		B602F80E1D9D5F0600B75320 /* Assets.xcassets */ = {isa = PBXFileReference; lastKnownFileType = folder.assetcatalog; path = Assets.xcassets; sourceTree = "<group>"; };
		B602F8111D9D5F0600B75320 /* Base */ = {isa = PBXFileReference; lastKnownFileType = file.storyboard; name = Base; path = Base.lproj/LaunchScreen.storyboard; sourceTree = "<group>"; };
		B602F8131D9D5F0600B75320 /* Info.plist */ = {isa = PBXFileReference; lastKnownFileType = text.plist.xml; path = Info.plist; sourceTree = "<group>"; };
		B602F8181D9D5F0700B75320 /* 13-闭包的参数和返回值Tests.xctest */ = {isa = PBXFileReference; explicitFileType = wrapper.cfbundle; includeInIndex = 0; path = "13-闭包的参数和返回值Tests.xctest"; sourceTree = BUILT_PRODUCTS_DIR; };
		B602F81C1D9D5F0700B75320 /* _3__________Tests.swift */ = {isa = PBXFileReference; lastKnownFileType = sourcecode.swift; path = "_3__________Tests.swift"; sourceTree = "<group>"; };
		B602F81E1D9D5F0700B75320 /* Info.plist */ = {isa = PBXFileReference; lastKnownFileType = text.plist.xml; path = Info.plist; sourceTree = "<group>"; };
		B602F8231D9D5F0700B75320 /* 13-闭包的参数和返回值UITests.xctest */ = {isa = PBXFileReference; explicitFileType = wrapper.cfbundle; includeInIndex = 0; path = "13-闭包的参数和返回值UITests.xctest"; sourceTree = BUILT_PRODUCTS_DIR; };
		B602F8271D9D5F0700B75320 /* _3__________UITests.swift */ = {isa = PBXFileReference; lastKnownFileType = sourcecode.swift; path = "_3__________UITests.swift"; sourceTree = "<group>"; };
		B602F8291D9D5F0700B75320 /* Info.plist */ = {isa = PBXFileReference; lastKnownFileType = text.plist.xml; path = Info.plist; sourceTree = "<group>"; };
/* End PBXFileReference section */

/* Begin PBXFrameworksBuildPhase section */
		B602F8011D9D5F0600B75320 /* Frameworks */ = {
			isa = PBXFrameworksBuildPhase;
			buildActionMask = 2147483647;
			files = (
			);
			runOnlyForDeploymentPostprocessing = 0;
		};
		B602F8151D9D5F0700B75320 /* Frameworks */ = {
			isa = PBXFrameworksBuildPhase;
			buildActionMask = 2147483647;
			files = (
			);
			runOnlyForDeploymentPostprocessing = 0;
		};
		B602F8201D9D5F0700B75320 /* Frameworks */ = {
			isa = PBXFrameworksBuildPhase;
			buildActionMask = 2147483647;
			files = (
			);
			runOnlyForDeploymentPostprocessing = 0;
		};
/* End PBXFrameworksBuildPhase section */

/* Begin PBXGroup section */
		B602F7FB1D9D5F0600B75320 = {
			isa = PBXGroup;
			children = (
				B602F8061D9D5F0600B75320 /* 13-闭包的参数和返回值 */,
				B602F81B1D9D5F0700B75320 /* 13-闭包的参数和返回值Tests */,
				B602F8261D9D5F0700B75320 /* 13-闭包的参数和返回值UITests */,
				B602F8051D9D5F0600B75320 /* Products */,
			);
			sourceTree = "<group>";
		};
		B602F8051D9D5F0600B75320 /* Products */ = {
			isa = PBXGroup;
			children = (
				B602F8041D9D5F0600B75320 /* 13-闭包的参数和返回值.app */,
				B602F8181D9D5F0700B75320 /* 13-闭包的参数和返回值Tests.xctest */,
				B602F8231D9D5F0700B75320 /* 13-闭包的参数和返回值UITests.xctest */,
			);
			name = Products;
			sourceTree = "<group>";
		};
		B602F8061D9D5F0600B75320 /* 13-闭包的参数和返回值 */ = {
			isa = PBXGroup;
			children = (
				B602F8071D9D5F0600B75320 /* AppDelegate.swift */,
				B602F8091D9D5F0600B75320 /* ViewController.swift */,
				B602F80B1D9D5F0600B75320 /* Main.storyboard */,
				B602F80E1D9D5F0600B75320 /* Assets.xcassets */,
				B602F8101D9D5F0600B75320 /* LaunchScreen.storyboard */,
				B602F8131D9D5F0600B75320 /* Info.plist */,
			);
			path = "13-闭包的参数和返回值";
			sourceTree = "<group>";
		};
		B602F81B1D9D5F0700B75320 /* 13-闭包的参数和返回值Tests */ = {
			isa = PBXGroup;
			children = (
				B602F81C1D9D5F0700B75320 /* _3__________Tests.swift */,
				B602F81E1D9D5F0700B75320 /* Info.plist */,
			);
			path = "13-闭包的参数和返回值Tests";
			sourceTree = "<group>";
		};
		B602F8261D9D5F0700B75320 /* 13-闭包的参数和返回值UITests */ = {
			isa = PBXGroup;
			children = (
				B602F8271D9D5F0700B75320 /* _3__________UITests.swift */,
				B602F8291D9D5F0700B75320 /* Info.plist */,
			);
			path = "13-闭包的参数和返回值UITests";
			sourceTree = "<group>";
		};
/* End PBXGroup section */

/* Begin PBXNativeTarget section */
		B602F8031D9D5F0600B75320 /* 13-闭包的参数和返回值 */ = {
			isa = PBXNativeTarget;
			buildConfigurationList = B602F82C1D9D5F0700B75320 /* Build configuration list for PBXNativeTarget "13-闭包的参数和返回值" */;
			buildPhases = (
				B602F8001D9D5F0600B75320 /* Sources */,
				B602F8011D9D5F0600B75320 /* Frameworks */,
				B602F8021D9D5F0600B75320 /* Resources */,
			);
			buildRules = (
			);
			dependencies = (
			);
			name = "13-闭包的参数和返回值";
			productName = "13-闭包的参数和返回值";
			productReference = B602F8041D9D5F0600B75320 /* 13-闭包的参数和返回值.app */;
			productType = "com.apple.product-type.application";
		};
		B602F8171D9D5F0700B75320 /* 13-闭包的参数和返回值Tests */ = {
			isa = PBXNativeTarget;
			buildConfigurationList = B602F82F1D9D5F0700B75320 /* Build configuration list for PBXNativeTarget "13-闭包的参数和返回值Tests" */;
			buildPhases = (
				B602F8141D9D5F0700B75320 /* Sources */,
				B602F8151D9D5F0700B75320 /* Frameworks */,
				B602F8161D9D5F0700B75320 /* Resources */,
			);
			buildRules = (
			);
			dependencies = (
				B602F81A1D9D5F0700B75320 /* PBXTargetDependency */,
			);
			name = "13-闭包的参数和返回值Tests";
			productName = "13-闭包的参数和返回值Tests";
			productReference = B602F8181D9D5F0700B75320 /* 13-闭包的参数和返回值Tests.xctest */;
			productType = "com.apple.product-type.bundle.unit-test";
		};
		B602F8221D9D5F0700B75320 /* 13-闭包的参数和返回值UITests */ = {
			isa = PBXNativeTarget;
			buildConfigurationList = B602F8321D9D5F0700B75320 /* Build configuration list for PBXNativeTarget "13-闭包的参数和返回值UITests" */;
			buildPhases = (
				B602F81F1D9D5F0700B75320 /* Sources */,
				B602F8201D9D5F0700B75320 /* Frameworks */,
				B602F8211D9D5F0700B75320 /* Resources */,
			);
			buildRules = (
			);
			dependencies = (
				B602F8251D9D5F0700B75320 /* PBXTargetDependency */,
			);
			name = "13-闭包的参数和返回值UITests";
			productName = "13-闭包的参数和返回值UITests";
			productReference = B602F8231D9D5F0700B75320 /* 13-闭包的参数和返回值UITests.xctest */;
			productType = "com.apple.product-type.bundle.ui-testing";
		};
/* End PBXNativeTarget section */

/* Begin PBXProject section */
		B602F7FC1D9D5F0600B75320 /* Project object */ = {
			isa = PBXProject;
			attributes = {
				LastSwiftUpdateCheck = 0800;
				LastUpgradeCheck = 0800;
				ORGANIZATIONNAME = "Wei Zhou";
				TargetAttributes = {
					B602F8031D9D5F0600B75320 = {
						CreatedOnToolsVersion = 8.0;
						DevelopmentTeam = K9G8A2A8Q6;
						ProvisioningStyle = Automatic;
					};
					B602F8171D9D5F0700B75320 = {
						CreatedOnToolsVersion = 8.0;
						DevelopmentTeam = K9G8A2A8Q6;
						ProvisioningStyle = Automatic;
						TestTargetID = B602F8031D9D5F0600B75320;
					};
					B602F8221D9D5F0700B75320 = {
						CreatedOnToolsVersion = 8.0;
						DevelopmentTeam = K9G8A2A8Q6;
						ProvisioningStyle = Automatic;
						TestTargetID = B602F8031D9D5F0600B75320;
					};
				};
			};
			buildConfigurationList = B602F7FF1D9D5F0600B75320 /* Build configuration list for PBXProject "13-闭包的参数和返回值" */;
			compatibilityVersion = "Xcode 3.2";
			developmentRegion = English;
			hasScannedForEncodings = 0;
			knownRegions = (
				en,
				Base,
			);
			mainGroup = B602F7FB1D9D5F0600B75320;
			productRefGroup = B602F8051D9D5F0600B75320 /* Products */;
			projectDirPath = "";
			projectRoot = "";
			targets = (
				B602F8031D9D5F0600B75320 /* 13-闭包的参数和返回值 */,
				B602F8171D9D5F0700B75320 /* 13-闭包的参数和返回值Tests */,
				B602F8221D9D5F0700B75320 /* 13-闭包的参数和返回值UITests */,
			);
		};
/* End PBXProject section */

/* Begin PBXResourcesBuildPhase section */
		B602F8021D9D5F0600B75320 /* Resources */ = {
			isa = PBXResourcesBuildPhase;
			buildActionMask = 2147483647;
			files = (
				B602F8121D9D5F0600B75320 /* LaunchScreen.storyboard in Resources */,
				B602F80F1D9D5F0600B75320 /* Assets.xcassets in Resources */,
				B602F80D1D9D5F0600B75320 /* Main.storyboard in Resources */,
			);
			runOnlyForDeploymentPostprocessing = 0;
		};
		B602F8161D9D5F0700B75320 /* Resources */ = {
			isa = PBXResourcesBuildPhase;
			buildActionMask = 2147483647;
			files = (
			);
			runOnlyForDeploymentPostprocessing = 0;
		};
		B602F8211D9D5F0700B75320 /* Resources */ = {
			isa = PBXResourcesBuildPhase;
			buildActionMask = 2147483647;
			files = (
			);
			runOnlyForDeploymentPostprocessing = 0;
		};
/* End PBXResourcesBuildPhase section */

/* Begin PBXSourcesBuildPhase section */
		B602F8001D9D5F0600B75320 /* Sources */ = {
			isa = PBXSourcesBuildPhase;
			buildActionMask = 2147483647;
			files = (
				B602F80A1D9D5F0600B75320 /* ViewController.swift in Sources */,
				B602F8081D9D5F0600B75320 /* AppDelegate.swift in Sources */,
			);
			runOnlyForDeploymentPostprocessing = 0;
		};
		B602F8141D9D5F0700B75320 /* Sources */ = {
			isa = PBXSourcesBuildPhase;
			buildActionMask = 2147483647;
			files = (
				B602F81D1D9D5F0700B75320 /* _3__________Tests.swift in Sources */,
			);
			runOnlyForDeploymentPostprocessing = 0;
		};
		B602F81F1D9D5F0700B75320 /* Sources */ = {
			isa = PBXSourcesBuildPhase;
			buildActionMask = 2147483647;
			files = (
				B602F8281D9D5F0700B75320 /* _3__________UITests.swift in Sources */,
			);
			runOnlyForDeploymentPostprocessing = 0;
		};
/* End PBXSourcesBuildPhase section */

/* Begin PBXTargetDependency section */
		B602F81A1D9D5F0700B75320 /* PBXTargetDependency */ = {
			isa = PBXTargetDependency;
			target = B602F8031D9D5F0600B75320 /* 13-闭包的参数和返回值 */;
			targetProxy = B602F8191D9D5F0700B75320 /* PBXContainerItemProxy */;
		};
		B602F8251D9D5F0700B75320 /* PBXTargetDependency */ = {
			isa = PBXTargetDependency;
			target = B602F8031D9D5F0600B75320 /* 13-闭包的参数和返回值 */;
			targetProxy = B602F8241D9D5F0700B75320 /* PBXContainerItemProxy */;
		};
/* End PBXTargetDependency section */

/* Begin PBXVariantGroup section */
		B602F80B1D9D5F0600B75320 /* Main.storyboard */ = {
			isa = PBXVariantGroup;
			children = (
				B602F80C1D9D5F0600B75320 /* Base */,
			);
			name = Main.storyboard;
			sourceTree = "<group>";
		};
		B602F8101D9D5F0600B75320 /* LaunchScreen.storyboard */ = {
			isa = PBXVariantGroup;
			children = (
				B602F8111D9D5F0600B75320 /* Base */,
			);
			name = LaunchScreen.storyboard;
			sourceTree = "<group>";
		};
/* End PBXVariantGroup section */

/* Begin XCBuildConfiguration section */
		B602F82A1D9D5F0700B75320 /* Debug */ = {
			isa = XCBuildConfiguration;
			buildSettings = {
				ALWAYS_SEARCH_USER_PATHS = NO;
				CLANG_ANALYZER_NONNULL = YES;
				CLANG_CXX_LANGUAGE_STANDARD = "gnu++0x";
				CLANG_CXX_LIBRARY = "libc++";
				CLANG_ENABLE_MODULES = YES;
				CLANG_ENABLE_OBJC_ARC = YES;
				CLANG_WARN_BOOL_CONVERSION = YES;
				CLANG_WARN_CONSTANT_CONVERSION = YES;
				CLANG_WARN_DIRECT_OBJC_ISA_USAGE = YES_ERROR;
				CLANG_WARN_DOCUMENTATION_COMMENTS = YES;
				CLANG_WARN_EMPTY_BODY = YES;
				CLANG_WARN_ENUM_CONVERSION = YES;
				CLANG_WARN_INFINITE_RECURSION = YES;
				CLANG_WARN_INT_CONVERSION = YES;
				CLANG_WARN_OBJC_ROOT_CLASS = YES_ERROR;
				CLANG_WARN_SUSPICIOUS_MOVES = YES;
				CLANG_WARN_UNREACHABLE_CODE = YES;
				CLANG_WARN__DUPLICATE_METHOD_MATCH = YES;
				"CODE_SIGN_IDENTITY[sdk=iphoneos*]" = "iPhone Developer";
				COPY_PHASE_STRIP = NO;
				DEBUG_INFORMATION_FORMAT = dwarf;
				ENABLE_STRICT_OBJC_MSGSEND = YES;
				ENABLE_TESTABILITY = YES;
				GCC_C_LANGUAGE_STANDARD = gnu99;
				GCC_DYNAMIC_NO_PIC = NO;
				GCC_NO_COMMON_BLOCKS = YES;
				GCC_OPTIMIZATION_LEVEL = 0;
				GCC_PREPROCESSOR_DEFINITIONS = (
					"DEBUG=1",
					"$(inherited)",
				);
				GCC_WARN_64_TO_32_BIT_CONVERSION = YES;
				GCC_WARN_ABOUT_RETURN_TYPE = YES_ERROR;
				GCC_WARN_UNDECLARED_SELECTOR = YES;
				GCC_WARN_UNINITIALIZED_AUTOS = YES_AGGRESSIVE;
				GCC_WARN_UNUSED_FUNCTION = YES;
				GCC_WARN_UNUSED_VARIABLE = YES;
				IPHONEOS_DEPLOYMENT_TARGET = 10.0;
				MTL_ENABLE_DEBUG_INFO = YES;
				ONLY_ACTIVE_ARCH = YES;
				SDKROOT = iphoneos;
				SWIFT_ACTIVE_COMPILATION_CONDITIONS = DEBUG;
				SWIFT_OPTIMIZATION_LEVEL = "-Onone";
			};
			name = Debug;
		};
		B602F82B1D9D5F0700B75320 /* Release */ = {
			isa = XCBuildConfiguration;
			buildSettings = {
				ALWAYS_SEARCH_USER_PATHS = NO;
				CLANG_ANALYZER_NONNULL = YES;
				CLANG_CXX_LANGUAGE_STANDARD = "gnu++0x";
				CLANG_CXX_LIBRARY = "libc++";
				CLANG_ENABLE_MODULES = YES;
				CLANG_ENABLE_OBJC_ARC = YES;
				CLANG_WARN_BOOL_CONVERSION = YES;
				CLANG_WARN_CONSTANT_CONVERSION = YES;
				CLANG_WARN_DIRECT_OBJC_ISA_USAGE = YES_ERROR;
				CLANG_WARN_DOCUMENTATION_COMMENTS = YES;
				CLANG_WARN_EMPTY_BODY = YES;
				CLANG_WARN_ENUM_CONVERSION = YES;
				CLANG_WARN_INFINITE_RECURSION = YES;
				CLANG_WARN_INT_CONVERSION = YES;
				CLANG_WARN_OBJC_ROOT_CLASS = YES_ERROR;
				CLANG_WARN_SUSPICIOUS_MOVES = YES;
				CLANG_WARN_UNREACHABLE_CODE = YES;
				CLANG_WARN__DUPLICATE_METHOD_MATCH = YES;
				"CODE_SIGN_IDENTITY[sdk=iphoneos*]" = "iPhone Developer";
				COPY_PHASE_STRIP = NO;
				DEBUG_INFORMATION_FORMAT = "dwarf-with-dsym";
				ENABLE_NS_ASSERTIONS = NO;
				ENABLE_STRICT_OBJC_MSGSEND = YES;
				GCC_C_LANGUAGE_STANDARD = gnu99;
				GCC_NO_COMMON_BLOCKS = YES;
				GCC_WARN_64_TO_32_BIT_CONVERSION = YES;
				GCC_WARN_ABOUT_RETURN_TYPE = YES_ERROR;
				GCC_WARN_UNDECLARED_SELECTOR = YES;
				GCC_WARN_UNINITIALIZED_AUTOS = YES_AGGRESSIVE;
				GCC_WARN_UNUSED_FUNCTION = YES;
				GCC_WARN_UNUSED_VARIABLE = YES;
				IPHONEOS_DEPLOYMENT_TARGET = 10.0;
				MTL_ENABLE_DEBUG_INFO = NO;
				SDKROOT = iphoneos;
				SWIFT_OPTIMIZATION_LEVEL = "-Owholemodule";
				VALIDATE_PRODUCT = YES;
			};
			name = Release;
		};
		B602F82D1D9D5F0700B75320 /* Debug */ = {
			isa = XCBuildConfiguration;
			buildSettings = {
				ASSETCATALOG_COMPILER_APPICON_NAME = AppIcon;
				DEVELOPMENT_TEAM = K9G8A2A8Q6;
				INFOPLIST_FILE = "13-闭包的参数和返回值/Info.plist";
				LD_RUNPATH_SEARCH_PATHS = "$(inherited) @executable_path/Frameworks";
				PRODUCT_BUNDLE_IDENTIFIER = "Hello.-3----------";
				PRODUCT_NAME = "$(TARGET_NAME)";
				SWIFT_VERSION = 3.0;
			};
			name = Debug;
		};
		B602F82E1D9D5F0700B75320 /* Release */ = {
			isa = XCBuildConfiguration;
			buildSettings = {
				ASSETCATALOG_COMPILER_APPICON_NAME = AppIcon;
				DEVELOPMENT_TEAM = K9G8A2A8Q6;
				INFOPLIST_FILE = "13-闭包的参数和返回值/Info.plist";
				LD_RUNPATH_SEARCH_PATHS = "$(inherited) @executable_path/Frameworks";
				PRODUCT_BUNDLE_IDENTIFIER = "Hello.-3----------";
				PRODUCT_NAME = "$(TARGET_NAME)";
				SWIFT_VERSION = 3.0;
			};
			name = Release;
		};
		B602F8301D9D5F0700B75320 /* Debug */ = {
			isa = XCBuildConfiguration;
			buildSettings = {
				ALWAYS_EMBED_SWIFT_STANDARD_LIBRARIES = YES;
				BUNDLE_LOADER = "$(TEST_HOST)";
				DEVELOPMENT_TEAM = K9G8A2A8Q6;
				INFOPLIST_FILE = "13-闭包的参数和返回值Tests/Info.plist";
				LD_RUNPATH_SEARCH_PATHS = "$(inherited) @executable_path/Frameworks @loader_path/Frameworks";
				PRODUCT_BUNDLE_IDENTIFIER = "Hello.-3----------Tests";
				PRODUCT_NAME = "$(TARGET_NAME)";
				SWIFT_VERSION = 3.0;
				TEST_HOST = "$(BUILT_PRODUCTS_DIR)/13-闭包的参数和返回值.app/13-闭包的参数和返回值";
			};
			name = Debug;
		};
		B602F8311D9D5F0700B75320 /* Release */ = {
			isa = XCBuildConfiguration;
			buildSettings = {
				ALWAYS_EMBED_SWIFT_STANDARD_LIBRARIES = YES;
				BUNDLE_LOADER = "$(TEST_HOST)";
				DEVELOPMENT_TEAM = K9G8A2A8Q6;
				INFOPLIST_FILE = "13-闭包的参数和返回值Tests/Info.plist";
				LD_RUNPATH_SEARCH_PATHS = "$(inherited) @executable_path/Frameworks @loader_path/Frameworks";
				PRODUCT_BUNDLE_IDENTIFIER = "Hello.-3----------Tests";
				PRODUCT_NAME = "$(TARGET_NAME)";
				SWIFT_VERSION = 3.0;
				TEST_HOST = "$(BUILT_PRODUCTS_DIR)/13-闭包的参数和返回值.app/13-闭包的参数和返回值";
			};
			name = Release;
		};
		B602F8331D9D5F0700B75320 /* Debug */ = {
			isa = XCBuildConfiguration;
			buildSettings = {
				ALWAYS_EMBED_SWIFT_STANDARD_LIBRARIES = YES;
				DEVELOPMENT_TEAM = K9G8A2A8Q6;
				INFOPLIST_FILE = "13-闭包的参数和返回值UITests/Info.plist";
				LD_RUNPATH_SEARCH_PATHS = "$(inherited) @executable_path/Frameworks @loader_path/Frameworks";
				PRODUCT_BUNDLE_IDENTIFIER = "Hello.-3----------UITests";
				PRODUCT_NAME = "$(TARGET_NAME)";
				SWIFT_VERSION = 3.0;
				TEST_TARGET_NAME = "13-闭包的参数和返回值";
			};
			name = Debug;
		};
		B602F8341D9D5F0700B75320 /* Release */ = {
			isa = XCBuildConfiguration;
			buildSettings = {
				ALWAYS_EMBED_SWIFT_STANDARD_LIBRARIES = YES;
				DEVELOPMENT_TEAM = K9G8A2A8Q6;
				INFOPLIST_FILE = "13-闭包的参数和返回值UITests/Info.plist";
				LD_RUNPATH_SEARCH_PATHS = "$(inherited) @executable_path/Frameworks @loader_path/Frameworks";
				PRODUCT_BUNDLE_IDENTIFIER = "Hello.-3----------UITests";
				PRODUCT_NAME = "$(TARGET_NAME)";
				SWIFT_VERSION = 3.0;
				TEST_TARGET_NAME = "13-闭包的参数和返回值";
			};
			name = Release;
		};
/* End XCBuildConfiguration section */

/* Begin XCConfigurationList section */
		B602F7FF1D9D5F0600B75320 /* Build configuration list for PBXProject "13-闭包的参数和返回值" */ = {
			isa = XCConfigurationList;
			buildConfigurations = (
				B602F82A1D9D5F0700B75320 /* Debug */,
				B602F82B1D9D5F0700B75320 /* Release */,
			);
			defaultConfigurationIsVisible = 0;
			defaultConfigurationName = Release;
		};
		B602F82C1D9D5F0700B75320 /* Build configuration list for PBXNativeTarget "13-闭包的参数和返回值" */ = {
			isa = XCConfigurationList;
			buildConfigurations = (
				B602F82D1D9D5F0700B75320 /* Debug */,
				B602F82E1D9D5F0700B75320 /* Release */,
			);
			defaultConfigurationIsVisible = 0;
		};
		B602F82F1D9D5F0700B75320 /* Build configuration list for PBXNativeTarget "13-闭包的参数和返回值Tests" */ = {
			isa = XCConfigurationList;
			buildConfigurations = (
				B602F8301D9D5F0700B75320 /* Debug */,
				B602F8311D9D5F0700B75320 /* Release */,
			);
			defaultConfigurationIsVisible = 0;
		};
		B602F8321D9D5F0700B75320 /* Build configuration list for PBXNativeTarget "13-闭包的参数和返回值UITests" */ = {
			isa = XCConfigurationList;
			buildConfigurations = (
				B602F8331D9D5F0700B75320 /* Debug */,
				B602F8341D9D5F0700B75320 /* Release */,
			);
			defaultConfigurationIsVisible = 0;
		};
/* End XCConfigurationList section */
	};
	rootObject = B602F7FC1D9D5F0600B75320 /* Project object */;
}
